
Microsoft Visual Studio Solution File, Format Version 12.00
# Visual Studio 14
VisualStudioVersion = 14.0.25420.1
MinimumVisualStudioVersion = 10.0.40219.1
Project("{8BB2217D-0F2D-49D1-97BC-3654ED321F3B}") = "Backend", "src\Backend\Backend.xproj", "{C2608C54-E2A9-48C9-8035-8453A6A1340A}"
EndProject
Project("{8BB2217D-0F2D-49D1-97BC-3654ED321F3B}") = "Frontend", "src\Frontend\Frontend.xproj", "{753526DD-C4BF-4B38-8AAF-DD08A3523D7D}"
EndProject
Global
	GlobalSection(SolutionConfigurationPlatforms) = preSolution
		Debug|Any CPU = Debug|Any CPU
		Release|Any CPU = Release|Any CPU
	EndGlobalSection
	GlobalSection(ProjectConfigurationPlatforms) = postSolution
		{C2608C54-E2A9-48C9-8035-8453A6A1340A}.Debug|Any CPU.ActiveCfg = Debug|Any CPU
		{C2608C54-E2A9-48C9-8035-8453A6A1340A}.Debug|Any CPU.Build.0 = Debug|Any CPU
		{C2608C54-E2A9-48C9-8035-8453A6A1340A}.Release|Any CPU.ActiveCfg = Release|Any CPU
		{C2608C54-E2A9-48C9-8035-8453A6A1340A}.Release|Any CPU.Build.0 = Release|Any CPU
		{753526DD-C4BF-4B38-8AAF-DD08A3523D7D}.Debug|Any CPU.ActiveCfg = Debug|Any CPU
		{753526DD-C4BF-4B38-8AAF-DD08A3523D7D}.Debug|Any CPU.Build.0 = Debug|Any CPU
		{753526DD-C4BF-4B38-8AAF-DD08A3523D7D}.Release|Any CPU.ActiveCfg = Release|Any CPU
		{753526DD-C4BF-4B38-8AAF-DD08A3523D7D}.Release|Any CPU.Build.0 = Release|Any CPU
	EndGlobalSection
	GlobalSection(SolutionProperties) = preSolution
		HideSolutionNode = FALSE
	EndGlobalSection
EndGlobal
